// !$*UTF8*$!
{
	archiveVersion = 1;
	classes = {
	};
	objectVersion = 50;
	objects = {

/* Begin PBXBuildFile section */
		C90C611320B748C800F4134B /* RecipeListBuilder.swift in Sources */ = {isa = PBXBuildFile; fileRef = C90C611220B748C800F4134B /* RecipeListBuilder.swift */; };
		C90C611520B748D600F4134B /* RecipePresenter.swift in Sources */ = {isa = PBXBuildFile; fileRef = C90C611420B748D600F4134B /* RecipePresenter.swift */; };
		C90C611720B748E400F4134B /* RecipeListViewController.swift in Sources */ = {isa = PBXBuildFile; fileRef = C90C611620B748E400F4134B /* RecipeListViewController.swift */; };
		C90C611A20B74B6900F4134B /* LoadingViewController.storyboard in Resources */ = {isa = PBXBuildFile; fileRef = C90C611920B74B6900F4134B /* LoadingViewController.storyboard */; };
		C90C612020B75B1000F4134B /* Recipe.swift in Sources */ = {isa = PBXBuildFile; fileRef = C90C611F20B75B1000F4134B /* Recipe.swift */; };
		C9253DF820BDCC4600A14674 /* RecipeListGestureRecogniserDelegate.swift in Sources */ = {isa = PBXBuildFile; fileRef = C9253DF720BDCC4600A14674 /* RecipeListGestureRecogniserDelegate.swift */; };
		C9987AF620BB427F002B13C3 /* RecipePreviewViewController.storyboard in Resources */ = {isa = PBXBuildFile; fileRef = C9987AF520BB427E002B13C3 /* RecipePreviewViewController.storyboard */; };
		C9987AF820BB440A002B13C3 /* RecipePreviewViewController.swift in Sources */ = {isa = PBXBuildFile; fileRef = C9987AF720BB440A002B13C3 /* RecipePreviewViewController.swift */; };
		C9987AFB20BB4BB1002B13C3 /* Defaults+KeyNames.swift in Sources */ = {isa = PBXBuildFile; fileRef = C9987AFA20BB4BB1002B13C3 /* Defaults+KeyNames.swift */; };
		C9BA7C8D20CAE93700EC5405 /* RecipeViewController.swift in Sources */ = {isa = PBXBuildFile; fileRef = C9BA7C8C20CAE93700EC5405 /* RecipeViewController.swift */; };
		C9E95D7C20B55982001C45B7 /* AppDelegate.swift in Sources */ = {isa = PBXBuildFile; fileRef = C9E95D7B20B55982001C45B7 /* AppDelegate.swift */; };
		C9E95D7E20B55982001C45B7 /* LoadingViewController.swift in Sources */ = {isa = PBXBuildFile; fileRef = C9E95D7D20B55982001C45B7 /* LoadingViewController.swift */; };
		C9E95D8320B55983001C45B7 /* Assets.xcassets in Resources */ = {isa = PBXBuildFile; fileRef = C9E95D8220B55983001C45B7 /* Assets.xcassets */; };
		C9E95D8620B55983001C45B7 /* LaunchScreen.storyboard in Resources */ = {isa = PBXBuildFile; fileRef = C9E95D8420B55983001C45B7 /* LaunchScreen.storyboard */; };
		C9FC578420B760E900BADEB3 /* RecipeListCollectionViewDataSource.swift in Sources */ = {isa = PBXBuildFile; fileRef = C9FC578320B760E900BADEB3 /* RecipeListCollectionViewDataSource.swift */; };
		C9FC578620B7619D00BADEB3 /* RecipeListCollectionViewDelegate.swift in Sources */ = {isa = PBXBuildFile; fileRef = C9FC578520B7619D00BADEB3 /* RecipeListCollectionViewDelegate.swift */; };
		C9FC578820B7651800BADEB3 /* RecipeListCollectionViewCell.swift in Sources */ = {isa = PBXBuildFile; fileRef = C9FC578720B7651800BADEB3 /* RecipeListCollectionViewCell.swift */; };
		C9FC578A20B765D800BADEB3 /* RecipeListCollectionViewCell.xib in Resources */ = {isa = PBXBuildFile; fileRef = C9FC578920B765D800BADEB3 /* RecipeListCollectionViewCell.xib */; };
		C9FC578C20B76F8C00BADEB3 /* RecipeListCollectionViewFlowLayout.swift in Sources */ = {isa = PBXBuildFile; fileRef = C9FC578B20B76F8C00BADEB3 /* RecipeListCollectionViewFlowLayout.swift */; };
		C9FC579520B87CC300BADEB3 /* RecipeDashBoardPresenter.swift in Sources */ = {isa = PBXBuildFile; fileRef = C9FC579420B87CC300BADEB3 /* RecipeDashBoardPresenter.swift */; };
		C9FC579720B87EEF00BADEB3 /* RecipeDashboardSection.swift in Sources */ = {isa = PBXBuildFile; fileRef = C9FC579620B87EEF00BADEB3 /* RecipeDashboardSection.swift */; };
		C9FC579920B8913E00BADEB3 /* RecipeDashboardBuilder.swift in Sources */ = {isa = PBXBuildFile; fileRef = C9FC579820B8913E00BADEB3 /* RecipeDashboardBuilder.swift */; };
		C9FC579B20B891BD00BADEB3 /* RecipeDashboardViewController.swift in Sources */ = {isa = PBXBuildFile; fileRef = C9FC579A20B891BD00BADEB3 /* RecipeDashboardViewController.swift */; };
		C9FC57A020B895D800BADEB3 /* RecipeDashboardCell.swift in Sources */ = {isa = PBXBuildFile; fileRef = C9FC579F20B895D800BADEB3 /* RecipeDashboardCell.swift */; };
		C9FC57A620B8A8C500BADEB3 /* RecipeDashboardTableViewDataSource.swift in Sources */ = {isa = PBXBuildFile; fileRef = C9FC57A520B8A8C500BADEB3 /* RecipeDashboardTableViewDataSource.swift */; };
		C9FC57A920BAFBCB00BADEB3 /* RecipeDashboardTableViewDelegate.swift in Sources */ = {isa = PBXBuildFile; fileRef = C9FC57A820BAFBCB00BADEB3 /* RecipeDashboardTableViewDelegate.swift */; };
		C9FC57AB20BAFDA800BADEB3 /* RecipeDashboardCell.xib in Resources */ = {isa = PBXBuildFile; fileRef = C9FC57AA20BAFDA800BADEB3 /* RecipeDashboardCell.xib */; };
		C9FC57AD20BAFDDC00BADEB3 /* RecipeDashboardSectionHeader.xib in Resources */ = {isa = PBXBuildFile; fileRef = C9FC57AC20BAFDDC00BADEB3 /* RecipeDashboardSectionHeader.xib */; };
		C9FC57AF20BAFDF300BADEB3 /* RecipeDashboardSectionHeader.swift in Sources */ = {isa = PBXBuildFile; fileRef = C9FC57AE20BAFDF300BADEB3 /* RecipeDashboardSectionHeader.swift */; };
		C9FC57B120BB38EF00BADEB3 /* RecipeDashboardPreviewDelegate.swift in Sources */ = {isa = PBXBuildFile; fileRef = C9FC57B020BB38EF00BADEB3 /* RecipeDashboardPreviewDelegate.swift */; };
/* End PBXBuildFile section */

/* Begin PBXFileReference section */
		C90C611220B748C800F4134B /* RecipeListBuilder.swift */ = {isa = PBXFileReference; lastKnownFileType = sourcecode.swift; path = RecipeListBuilder.swift; sourceTree = "<group>"; };
		C90C611420B748D600F4134B /* RecipePresenter.swift */ = {isa = PBXFileReference; lastKnownFileType = sourcecode.swift; path = RecipePresenter.swift; sourceTree = "<group>"; };
		C90C611620B748E400F4134B /* RecipeListViewController.swift */ = {isa = PBXFileReference; lastKnownFileType = sourcecode.swift; path = RecipeListViewController.swift; sourceTree = "<group>"; };
		C90C611920B74B6900F4134B /* LoadingViewController.storyboard */ = {isa = PBXFileReference; lastKnownFileType = file.storyboard; path = LoadingViewController.storyboard; sourceTree = "<group>"; };
		C90C611F20B75B1000F4134B /* Recipe.swift */ = {isa = PBXFileReference; lastKnownFileType = sourcecode.swift; path = Recipe.swift; sourceTree = "<group>"; };
		C9253DF720BDCC4600A14674 /* RecipeListGestureRecogniserDelegate.swift */ = {isa = PBXFileReference; lastKnownFileType = sourcecode.swift; path = RecipeListGestureRecogniserDelegate.swift; sourceTree = "<group>"; };
		C9987AF520BB427E002B13C3 /* RecipePreviewViewController.storyboard */ = {isa = PBXFileReference; lastKnownFileType = file.storyboard; path = RecipePreviewViewController.storyboard; sourceTree = "<group>"; };
		C9987AF720BB440A002B13C3 /* RecipePreviewViewController.swift */ = {isa = PBXFileReference; lastKnownFileType = sourcecode.swift; path = RecipePreviewViewController.swift; sourceTree = "<group>"; };
		C9987AFA20BB4BB1002B13C3 /* Defaults+KeyNames.swift */ = {isa = PBXFileReference; lastKnownFileType = sourcecode.swift; path = "Defaults+KeyNames.swift"; sourceTree = "<group>"; };
		C9BA7C8C20CAE93700EC5405 /* RecipeViewController.swift */ = {isa = PBXFileReference; lastKnownFileType = sourcecode.swift; path = RecipeViewController.swift; sourceTree = "<group>"; };
		C9E95D7820B55982001C45B7 /* Cooking Sage.app */ = {isa = PBXFileReference; explicitFileType = wrapper.application; includeInIndex = 0; path = "Cooking Sage.app"; sourceTree = BUILT_PRODUCTS_DIR; };
		C9E95D7B20B55982001C45B7 /* AppDelegate.swift */ = {isa = PBXFileReference; lastKnownFileType = sourcecode.swift; path = AppDelegate.swift; sourceTree = "<group>"; };
		C9E95D7D20B55982001C45B7 /* LoadingViewController.swift */ = {isa = PBXFileReference; lastKnownFileType = sourcecode.swift; path = LoadingViewController.swift; sourceTree = "<group>"; };
		C9E95D8220B55983001C45B7 /* Assets.xcassets */ = {isa = PBXFileReference; lastKnownFileType = folder.assetcatalog; path = Assets.xcassets; sourceTree = "<group>"; };
		C9E95D8520B55983001C45B7 /* Base */ = {isa = PBXFileReference; lastKnownFileType = file.storyboard; name = Base; path = Base.lproj/LaunchScreen.storyboard; sourceTree = "<group>"; };
		C9E95D8720B55983001C45B7 /* Info.plist */ = {isa = PBXFileReference; lastKnownFileType = text.plist.xml; path = Info.plist; sourceTree = "<group>"; };
		C9FC578320B760E900BADEB3 /* RecipeListCollectionViewDataSource.swift */ = {isa = PBXFileReference; lastKnownFileType = sourcecode.swift; path = RecipeListCollectionViewDataSource.swift; sourceTree = "<group>"; };
		C9FC578520B7619D00BADEB3 /* RecipeListCollectionViewDelegate.swift */ = {isa = PBXFileReference; lastKnownFileType = sourcecode.swift; path = RecipeListCollectionViewDelegate.swift; sourceTree = "<group>"; };
		C9FC578720B7651800BADEB3 /* RecipeListCollectionViewCell.swift */ = {isa = PBXFileReference; lastKnownFileType = sourcecode.swift; path = RecipeListCollectionViewCell.swift; sourceTree = "<group>"; };
		C9FC578920B765D800BADEB3 /* RecipeListCollectionViewCell.xib */ = {isa = PBXFileReference; lastKnownFileType = file.xib; path = RecipeListCollectionViewCell.xib; sourceTree = "<group>"; };
		C9FC578B20B76F8C00BADEB3 /* RecipeListCollectionViewFlowLayout.swift */ = {isa = PBXFileReference; lastKnownFileType = sourcecode.swift; path = RecipeListCollectionViewFlowLayout.swift; sourceTree = "<group>"; };
		C9FC579420B87CC300BADEB3 /* RecipeDashBoardPresenter.swift */ = {isa = PBXFileReference; lastKnownFileType = sourcecode.swift; path = RecipeDashBoardPresenter.swift; sourceTree = "<group>"; };
		C9FC579620B87EEF00BADEB3 /* RecipeDashboardSection.swift */ = {isa = PBXFileReference; lastKnownFileType = sourcecode.swift; path = RecipeDashboardSection.swift; sourceTree = "<group>"; };
		C9FC579820B8913E00BADEB3 /* RecipeDashboardBuilder.swift */ = {isa = PBXFileReference; lastKnownFileType = sourcecode.swift; path = RecipeDashboardBuilder.swift; sourceTree = "<group>"; };
		C9FC579A20B891BD00BADEB3 /* RecipeDashboardViewController.swift */ = {isa = PBXFileReference; lastKnownFileType = sourcecode.swift; path = RecipeDashboardViewController.swift; sourceTree = "<group>"; };
		C9FC579F20B895D800BADEB3 /* RecipeDashboardCell.swift */ = {isa = PBXFileReference; lastKnownFileType = sourcecode.swift; path = RecipeDashboardCell.swift; sourceTree = "<group>"; };
		C9FC57A520B8A8C500BADEB3 /* RecipeDashboardTableViewDataSource.swift */ = {isa = PBXFileReference; lastKnownFileType = sourcecode.swift; path = RecipeDashboardTableViewDataSource.swift; sourceTree = "<group>"; };
		C9FC57A820BAFBCB00BADEB3 /* RecipeDashboardTableViewDelegate.swift */ = {isa = PBXFileReference; lastKnownFileType = sourcecode.swift; path = RecipeDashboardTableViewDelegate.swift; sourceTree = "<group>"; };
		C9FC57AA20BAFDA800BADEB3 /* RecipeDashboardCell.xib */ = {isa = PBXFileReference; fileEncoding = 4; lastKnownFileType = file.xib; path = RecipeDashboardCell.xib; sourceTree = "<group>"; };
		C9FC57AC20BAFDDC00BADEB3 /* RecipeDashboardSectionHeader.xib */ = {isa = PBXFileReference; lastKnownFileType = file.xib; path = RecipeDashboardSectionHeader.xib; sourceTree = "<group>"; };
		C9FC57AE20BAFDF300BADEB3 /* RecipeDashboardSectionHeader.swift */ = {isa = PBXFileReference; lastKnownFileType = sourcecode.swift; path = RecipeDashboardSectionHeader.swift; sourceTree = "<group>"; };
		C9FC57B020BB38EF00BADEB3 /* RecipeDashboardPreviewDelegate.swift */ = {isa = PBXFileReference; lastKnownFileType = sourcecode.swift; path = RecipeDashboardPreviewDelegate.swift; sourceTree = "<group>"; };
/* End PBXFileReference section */

/* Begin PBXFrameworksBuildPhase section */
		C9E95D7520B55982001C45B7 /* Frameworks */ = {
			isa = PBXFrameworksBuildPhase;
			buildActionMask = 2147483647;
			files = (
			);
			runOnlyForDeploymentPostprocessing = 0;
		};
/* End PBXFrameworksBuildPhase section */

/* Begin PBXGroup section */
		C90C611020B7486600F4134B /* RecipeList */ = {
			isa = PBXGroup;
			children = (
				C90C611E20B75A3000F4134B /* Entity */,
				C90C611C20B759C300F4134B /* View */,
				C90C611B20B759A800F4134B /* model */,
			);
			path = RecipeList;
			sourceTree = "<group>";
		};
		C90C611120B7487300F4134B /* Resource */ = {
			isa = PBXGroup;
			children = (
				C9E95D8420B55983001C45B7 /* LaunchScreen.storyboard */,
				C9E95D8720B55983001C45B7 /* Info.plist */,
				C9E95D8220B55983001C45B7 /* Assets.xcassets */,
			);
			path = Resource;
			sourceTree = "<group>";
		};
		C90C611820B74B1600F4134B /* Loading */ = {
			isa = PBXGroup;
			children = (
				C9E95D7D20B55982001C45B7 /* LoadingViewController.swift */,
				C90C611920B74B6900F4134B /* LoadingViewController.storyboard */,
			);
			path = Loading;
			sourceTree = "<group>";
		};
		C90C611B20B759A800F4134B /* model */ = {
			isa = PBXGroup;
			children = (
				C90C611220B748C800F4134B /* RecipeListBuilder.swift */,
				C90C611420B748D600F4134B /* RecipePresenter.swift */,
				C9FC578320B760E900BADEB3 /* RecipeListCollectionViewDataSource.swift */,
				C9FC578520B7619D00BADEB3 /* RecipeListCollectionViewDelegate.swift */,
				C9253DF720BDCC4600A14674 /* RecipeListGestureRecogniserDelegate.swift */,
			);
			path = model;
			sourceTree = "<group>";
		};
		C90C611C20B759C300F4134B /* View */ = {
			isa = PBXGroup;
			children = (
				C90C611620B748E400F4134B /* RecipeListViewController.swift */,
				C9FC578720B7651800BADEB3 /* RecipeListCollectionViewCell.swift */,
				C9FC578920B765D800BADEB3 /* RecipeListCollectionViewCell.xib */,
				C9FC578B20B76F8C00BADEB3 /* RecipeListCollectionViewFlowLayout.swift */,
			);
			path = View;
			sourceTree = "<group>";
		};
		C90C611E20B75A3000F4134B /* Entity */ = {
			isa = PBXGroup;
			children = (
				C90C611F20B75B1000F4134B /* Recipe.swift */,
			);
			path = Entity;
			sourceTree = "<group>";
		};
		C9253DF520BDCB8300A14674 /* RecipeDashboardSection */ = {
			isa = PBXGroup;
			children = (
				C9FC579620B87EEF00BADEB3 /* RecipeDashboardSection.swift */,
			);
			path = RecipeDashboardSection;
			sourceTree = "<group>";
		};
		C9987AF920BB4B80002B13C3 /* Extension */ = {
			isa = PBXGroup;
			children = (
				C9987AFA20BB4BB1002B13C3 /* Defaults+KeyNames.swift */,
			);
			path = Extension;
			sourceTree = "<group>";
		};
		C9BA7C8B20CAE8EC00EC5405 /* Recipe */ = {
			isa = PBXGroup;
			children = (
				C9BA7C8C20CAE93700EC5405 /* RecipeViewController.swift */,
			);
			path = Recipe;
			sourceTree = "<group>";
		};
		C9E95D6F20B55982001C45B7 = {
			isa = PBXGroup;
			children = (
				C9E95D7A20B55982001C45B7 /* Cooking Sage */,
				C9E95D7920B55982001C45B7 /* Products */,
			);
			sourceTree = "<group>";
		};
		C9E95D7920B55982001C45B7 /* Products */ = {
			isa = PBXGroup;
			children = (
				C9E95D7820B55982001C45B7 /* Cooking Sage.app */,
			);
			name = Products;
			sourceTree = "<group>";
		};
		C9E95D7A20B55982001C45B7 /* Cooking Sage */ = {
			isa = PBXGroup;
			children = (
				C9987AF920BB4B80002B13C3 /* Extension */,
				C9FC579020B87BF100BADEB3 /* Modules */,
				C90C611120B7487300F4134B /* Resource */,
				C9E95D7B20B55982001C45B7 /* AppDelegate.swift */,
			);
			path = "Cooking Sage";
			sourceTree = "<group>";
		};
		C9FC578F20B87BEB00BADEB3 /* Recipe Dashboard */ = {
			isa = PBXGroup;
			children = (
				C9253DF520BDCB8300A14674 /* RecipeDashboardSection */,
				C9FC57A720B96ECD00BADEB3 /* Entity */,
				C9FC579E20B895C000BADEB3 /* View */,
				C9FC579320B87CB100BADEB3 /* Model */,
				C9FC579820B8913E00BADEB3 /* RecipeDashboardBuilder.swift */,
				C9FC579A20B891BD00BADEB3 /* RecipeDashboardViewController.swift */,
			);
			path = "Recipe Dashboard";
			sourceTree = "<group>";
		};
		C9FC579020B87BF100BADEB3 /* Modules */ = {
			isa = PBXGroup;
			children = (
				C9BA7C8B20CAE8EC00EC5405 /* Recipe */,
				C90C611820B74B1600F4134B /* Loading */,
				C9FC578F20B87BEB00BADEB3 /* Recipe Dashboard */,
				C90C611020B7486600F4134B /* RecipeList */,
			);
			path = Modules;
			sourceTree = "<group>";
		};
		C9FC579320B87CB100BADEB3 /* Model */ = {
			isa = PBXGroup;
			children = (
				C9FC579420B87CC300BADEB3 /* RecipeDashBoardPresenter.swift */,
				C9FC57A520B8A8C500BADEB3 /* RecipeDashboardTableViewDataSource.swift */,
				C9FC57A820BAFBCB00BADEB3 /* RecipeDashboardTableViewDelegate.swift */,
				C9FC57B020BB38EF00BADEB3 /* RecipeDashboardPreviewDelegate.swift */,
			);
			path = Model;
			sourceTree = "<group>";
		};
		C9FC579E20B895C000BADEB3 /* View */ = {
			isa = PBXGroup;
			children = (
				C9FC57AA20BAFDA800BADEB3 /* RecipeDashboardCell.xib */,
				C9FC579F20B895D800BADEB3 /* RecipeDashboardCell.swift */,
				C9FC57AC20BAFDDC00BADEB3 /* RecipeDashboardSectionHeader.xib */,
				C9FC57AE20BAFDF300BADEB3 /* RecipeDashboardSectionHeader.swift */,
				C9987AF520BB427E002B13C3 /* RecipePreviewViewController.storyboard */,
				C9987AF720BB440A002B13C3 /* RecipePreviewViewController.swift */,
			);
			path = View;
			sourceTree = "<group>";
		};
		C9FC57A720B96ECD00BADEB3 /* Entity */ = {
			isa = PBXGroup;
			children = (
			);
			path = Entity;
			sourceTree = "<group>";
		};
/* End PBXGroup section */

/* Begin PBXNativeTarget section */
		C9E95D7720B55982001C45B7 /* Cooking Sage */ = {
			isa = PBXNativeTarget;
			buildConfigurationList = C9E95D8A20B55983001C45B7 /* Build configuration list for PBXNativeTarget "Cooking Sage" */;
			buildPhases = (
				C9E95D7420B55982001C45B7 /* Sources */,
				C9E95D7520B55982001C45B7 /* Frameworks */,
				C9E95D7620B55982001C45B7 /* Resources */,
			);
			buildRules = (
			);
			dependencies = (
			);
			name = "Cooking Sage";
			productName = "Cooking Sage";
			productReference = C9E95D7820B55982001C45B7 /* Cooking Sage.app */;
			productType = "com.apple.product-type.application";
		};
/* End PBXNativeTarget section */

/* Begin PBXProject section */
		C9E95D7020B55982001C45B7 /* Project object */ = {
			isa = PBXProject;
			attributes = {
				LastSwiftUpdateCheck = 0930;
				LastUpgradeCheck = 0930;
				ORGANIZATIONNAME = "John Galloway";
				TargetAttributes = {
					C9E95D7720B55982001C45B7 = {
						CreatedOnToolsVersion = 9.3.1;
					};
				};
			};
			buildConfigurationList = C9E95D7320B55982001C45B7 /* Build configuration list for PBXProject "Cooking Sage" */;
			compatibilityVersion = "Xcode 9.3";
			developmentRegion = en;
			hasScannedForEncodings = 0;
			knownRegions = (
				en,
				Base,
			);
			mainGroup = C9E95D6F20B55982001C45B7;
			productRefGroup = C9E95D7920B55982001C45B7 /* Products */;
			projectDirPath = "";
			projectRoot = "";
			targets = (
				C9E95D7720B55982001C45B7 /* Cooking Sage */,
			);
		};
/* End PBXProject section */

/* Begin PBXResourcesBuildPhase section */
		C9E95D7620B55982001C45B7 /* Resources */ = {
			isa = PBXResourcesBuildPhase;
			buildActionMask = 2147483647;
			files = (
				C9FC578A20B765D800BADEB3 /* RecipeListCollectionViewCell.xib in Resources */,
				C9E95D8620B55983001C45B7 /* LaunchScreen.storyboard in Resources */,
				C9FC57AD20BAFDDC00BADEB3 /* RecipeDashboardSectionHeader.xib in Resources */,
				C9E95D8320B55983001C45B7 /* Assets.xcassets in Resources */,
				C90C611A20B74B6900F4134B /* LoadingViewController.storyboard in Resources */,
				C9987AF620BB427F002B13C3 /* RecipePreviewViewController.storyboard in Resources */,
				C9FC57AB20BAFDA800BADEB3 /* RecipeDashboardCell.xib in Resources */,
			);
			runOnlyForDeploymentPostprocessing = 0;
		};
/* End PBXResourcesBuildPhase section */

/* Begin PBXSourcesBuildPhase section */
		C9E95D7420B55982001C45B7 /* Sources */ = {
			isa = PBXSourcesBuildPhase;
			buildActionMask = 2147483647;
			files = (
				C9253DF820BDCC4600A14674 /* RecipeListGestureRecogniserDelegate.swift in Sources */,
				C9FC578420B760E900BADEB3 /* RecipeListCollectionViewDataSource.swift in Sources */,
				C9FC578820B7651800BADEB3 /* RecipeListCollectionViewCell.swift in Sources */,
				C9FC578C20B76F8C00BADEB3 /* RecipeListCollectionViewFlowLayout.swift in Sources */,
				C9987AF820BB440A002B13C3 /* RecipePreviewViewController.swift in Sources */,
				C9E95D7E20B55982001C45B7 /* LoadingViewController.swift in Sources */,
				C9FC57A020B895D800BADEB3 /* RecipeDashboardCell.swift in Sources */,
				C9FC57AF20BAFDF300BADEB3 /* RecipeDashboardSectionHeader.swift in Sources */,
				C9FC579520B87CC300BADEB3 /* RecipeDashBoardPresenter.swift in Sources */,
				C9FC579920B8913E00BADEB3 /* RecipeDashboardBuilder.swift in Sources */,
				C9FC57A920BAFBCB00BADEB3 /* RecipeDashboardTableViewDelegate.swift in Sources */,
				C90C611520B748D600F4134B /* RecipePresenter.swift in Sources */,
				C9FC579B20B891BD00BADEB3 /* RecipeDashboardViewController.swift in Sources */,
				C90C611720B748E400F4134B /* RecipeListViewController.swift in Sources */,
				C9FC579720B87EEF00BADEB3 /* RecipeDashboardSection.swift in Sources */,
				C90C612020B75B1000F4134B /* Recipe.swift in Sources */,
				C90C611320B748C800F4134B /* RecipeListBuilder.swift in Sources */,
				C9FC57B120BB38EF00BADEB3 /* RecipeDashboardPreviewDelegate.swift in Sources */,
				C9BA7C8D20CAE93700EC5405 /* RecipeViewController.swift in Sources */,
				C9FC57A620B8A8C500BADEB3 /* RecipeDashboardTableViewDataSource.swift in Sources */,
				C9E95D7C20B55982001C45B7 /* AppDelegate.swift in Sources */,
				C9FC578620B7619D00BADEB3 /* RecipeListCollectionViewDelegate.swift in Sources */,
				C9987AFB20BB4BB1002B13C3 /* Defaults+KeyNames.swift in Sources */,
			);
			runOnlyForDeploymentPostprocessing = 0;
		};
/* End PBXSourcesBuildPhase section */

/* Begin PBXVariantGroup section */
		C9E95D8420B55983001C45B7 /* LaunchScreen.storyboard */ = {
			isa = PBXVariantGroup;
			children = (
				C9E95D8520B55983001C45B7 /* Base */,
			);
			name = LaunchScreen.storyboard;
			sourceTree = "<group>";
		};
/* End PBXVariantGroup section */

/* Begin XCBuildConfiguration section */
		C9E95D8820B55983001C45B7 /* Debug */ = {
			isa = XCBuildConfiguration;
			buildSettings = {
				ALWAYS_SEARCH_USER_PATHS = NO;
				CLANG_ANALYZER_NONNULL = YES;
				CLANG_ANALYZER_NUMBER_OBJECT_CONVERSION = YES_AGGRESSIVE;
				CLANG_CXX_LANGUAGE_STANDARD = "gnu++14";
				CLANG_CXX_LIBRARY = "libc++";
				CLANG_ENABLE_MODULES = YES;
				CLANG_ENABLE_OBJC_ARC = YES;
				CLANG_ENABLE_OBJC_WEAK = YES;
				CLANG_WARN_BLOCK_CAPTURE_AUTORELEASING = YES;
				CLANG_WARN_BOOL_CONVERSION = YES;
				CLANG_WARN_COMMA = YES;
				CLANG_WARN_CONSTANT_CONVERSION = YES;
				CLANG_WARN_DEPRECATED_OBJC_IMPLEMENTATIONS = YES;
				CLANG_WARN_DIRECT_OBJC_ISA_USAGE = YES_ERROR;
				CLANG_WARN_DOCUMENTATION_COMMENTS = YES;
				CLANG_WARN_EMPTY_BODY = YES;
				CLANG_WARN_ENUM_CONVERSION = YES;
				CLANG_WARN_INFINITE_RECURSION = YES;
				CLANG_WARN_INT_CONVERSION = YES;
				CLANG_WARN_NON_LITERAL_NULL_CONVERSION = YES;
				CLANG_WARN_OBJC_IMPLICIT_RETAIN_SELF = YES;
				CLANG_WARN_OBJC_LITERAL_CONVERSION = YES;
				CLANG_WARN_OBJC_ROOT_CLASS = YES_ERROR;
				CLANG_WARN_RANGE_LOOP_ANALYSIS = YES;
				CLANG_WARN_STRICT_PROTOTYPES = YES;
				CLANG_WARN_SUSPICIOUS_MOVE = YES;
				CLANG_WARN_UNGUARDED_AVAILABILITY = YES_AGGRESSIVE;
				CLANG_WARN_UNREACHABLE_CODE = YES;
				CLANG_WARN__DUPLICATE_METHOD_MATCH = YES;
				CODE_SIGN_IDENTITY = "iPhone Developer";
				COPY_PHASE_STRIP = NO;
				DEBUG_INFORMATION_FORMAT = dwarf;
				ENABLE_STRICT_OBJC_MSGSEND = YES;
				ENABLE_TESTABILITY = YES;
				GCC_C_LANGUAGE_STANDARD = gnu11;
				GCC_DYNAMIC_NO_PIC = NO;
				GCC_NO_COMMON_BLOCKS = YES;
				GCC_OPTIMIZATION_LEVEL = 0;
				GCC_PREPROCESSOR_DEFINITIONS = (
					"DEBUG=1",
					"$(inherited)",
				);
				GCC_WARN_64_TO_32_BIT_CONVERSION = YES;
				GCC_WARN_ABOUT_RETURN_TYPE = YES_ERROR;
				GCC_WARN_UNDECLARED_SELECTOR = YES;
				GCC_WARN_UNINITIALIZED_AUTOS = YES_AGGRESSIVE;
				GCC_WARN_UNUSED_FUNCTION = YES;
				GCC_WARN_UNUSED_VARIABLE = YES;
				IPHONEOS_DEPLOYMENT_TARGET = 11.3;
				MTL_ENABLE_DEBUG_INFO = YES;
				ONLY_ACTIVE_ARCH = YES;
				SDKROOT = iphoneos;
				SWIFT_ACTIVE_COMPILATION_CONDITIONS = DEBUG;
				SWIFT_OPTIMIZATION_LEVEL = "-Onone";
			};
			name = Debug;
		};
		C9E95D8920B55983001C45B7 /* Release */ = {
			isa = XCBuildConfiguration;
			buildSettings = {
				ALWAYS_SEARCH_USER_PATHS = NO;
				CLANG_ANALYZER_NONNULL = YES;
				CLANG_ANALYZER_NUMBER_OBJECT_CONVERSION = YES_AGGRESSIVE;
				CLANG_CXX_LANGUAGE_STANDARD = "gnu++14";
				CLANG_CXX_LIBRARY = "libc++";
				CLANG_ENABLE_MODULES = YES;
				CLANG_ENABLE_OBJC_ARC = YES;
				CLANG_ENABLE_OBJC_WEAK = YES;
				CLANG_WARN_BLOCK_CAPTURE_AUTORELEASING = YES;
				CLANG_WARN_BOOL_CONVERSION = YES;
				CLANG_WARN_COMMA = YES;
				CLANG_WARN_CONSTANT_CONVERSION = YES;
				CLANG_WARN_DEPRECATED_OBJC_IMPLEMENTATIONS = YES;
				CLANG_WARN_DIRECT_OBJC_ISA_USAGE = YES_ERROR;
				CLANG_WARN_DOCUMENTATION_COMMENTS = YES;
				CLANG_WARN_EMPTY_BODY = YES;
				CLANG_WARN_ENUM_CONVERSION = YES;
				CLANG_WARN_INFINITE_RECURSION = YES;
				CLANG_WARN_INT_CONVERSION = YES;
				CLANG_WARN_NON_LITERAL_NULL_CONVERSION = YES;
				CLANG_WARN_OBJC_IMPLICIT_RETAIN_SELF = YES;
				CLANG_WARN_OBJC_LITERAL_CONVERSION = YES;
				CLANG_WARN_OBJC_ROOT_CLASS = YES_ERROR;
				CLANG_WARN_RANGE_LOOP_ANALYSIS = YES;
				CLANG_WARN_STRICT_PROTOTYPES = YES;
				CLANG_WARN_SUSPICIOUS_MOVE = YES;
				CLANG_WARN_UNGUARDED_AVAILABILITY = YES_AGGRESSIVE;
				CLANG_WARN_UNREACHABLE_CODE = YES;
				CLANG_WARN__DUPLICATE_METHOD_MATCH = YES;
				CODE_SIGN_IDENTITY = "iPhone Developer";
				COPY_PHASE_STRIP = NO;
				DEBUG_INFORMATION_FORMAT = "dwarf-with-dsym";
				ENABLE_NS_ASSERTIONS = NO;
				ENABLE_STRICT_OBJC_MSGSEND = YES;
				GCC_C_LANGUAGE_STANDARD = gnu11;
				GCC_NO_COMMON_BLOCKS = YES;
				GCC_WARN_64_TO_32_BIT_CONVERSION = YES;
				GCC_WARN_ABOUT_RETURN_TYPE = YES_ERROR;
				GCC_WARN_UNDECLARED_SELECTOR = YES;
				GCC_WARN_UNINITIALIZED_AUTOS = YES_AGGRESSIVE;
				GCC_WARN_UNUSED_FUNCTION = YES;
				GCC_WARN_UNUSED_VARIABLE = YES;
				IPHONEOS_DEPLOYMENT_TARGET = 11.3;
				MTL_ENABLE_DEBUG_INFO = NO;
				SDKROOT = iphoneos;
				SWIFT_COMPILATION_MODE = wholemodule;
				SWIFT_OPTIMIZATION_LEVEL = "-O";
				VALIDATE_PRODUCT = YES;
			};
			name = Release;
		};
		C9E95D8B20B55983001C45B7 /* Debug */ = {
			isa = XCBuildConfiguration;
			buildSettings = {
				ASSETCATALOG_COMPILER_APPICON_NAME = AppIcon;
				CODE_SIGN_STYLE = Automatic;
				DEVELOPMENT_TEAM = THX4KMQBQ4;
				INFOPLIST_FILE = "Cooking Sage/Resource/Info.plist";
				LD_RUNPATH_SEARCH_PATHS = (
					"$(inherited)",
					"@executable_path/Frameworks",
				);
				PRODUCT_BUNDLE_IDENTIFIER = "com.kburts.Cooking-Sage";
				PRODUCT_NAME = "$(TARGET_NAME)";
				SWIFT_VERSION = 4.0;
				TARGETED_DEVICE_FAMILY = "1,2";
			};
			name = Debug;
		};
		C9E95D8C20B55983001C45B7 /* Release */ = {
			isa = XCBuildConfiguration;
			buildSettings = {
				ASSETCATALOG_COMPILER_APPICON_NAME = AppIcon;
				CODE_SIGN_STYLE = Automatic;
				DEVELOPMENT_TEAM = THX4KMQBQ4;
				INFOPLIST_FILE = "Cooking Sage/Resource/Info.plist";
				LD_RUNPATH_SEARCH_PATHS = (
					"$(inherited)",
					"@executable_path/Frameworks",
				);
				PRODUCT_BUNDLE_IDENTIFIER = "com.kburts.Cooking-Sage";
				PRODUCT_NAME = "$(TARGET_NAME)";
				SWIFT_VERSION = 4.0;
				TARGETED_DEVICE_FAMILY = "1,2";
			};
			name = Release;
		};
/* End XCBuildConfiguration section */

/* Begin XCConfigurationList section */
		C9E95D7320B55982001C45B7 /* Build configuration list for PBXProject "Cooking Sage" */ = {
			isa = XCConfigurationList;
			buildConfigurations = (
				C9E95D8820B55983001C45B7 /* Debug */,
				C9E95D8920B55983001C45B7 /* Release */,
			);
			defaultConfigurationIsVisible = 0;
			defaultConfigurationName = Release;
		};
		C9E95D8A20B55983001C45B7 /* Build configuration list for PBXNativeTarget "Cooking Sage" */ = {
			isa = XCConfigurationList;
			buildConfigurations = (
				C9E95D8B20B55983001C45B7 /* Debug */,
				C9E95D8C20B55983001C45B7 /* Release */,
			);
			defaultConfigurationIsVisible = 0;
			defaultConfigurationName = Release;
		};
/* End XCConfigurationList section */
	};
	rootObject = C9E95D7020B55982001C45B7 /* Project object */;
}
